
Microsoft Visual Studio Solution File, Format Version 12.00
# Visual Studio Version 16
VisualStudioVersion = 16.0.30406.217
MinimumVisualStudioVersion = 10.0.40219.1
Project("{9A19103F-16F7-4668-BE54-9A1E7A4F7556}") = "HelloWorld", "HelloWorld\HelloWorld.csproj", "{EC4A8030-18D4-4DDA-8EFF-0E23E3FE0DE9}"
EndProject
Project("{FAE04EC0-301F-11D3-BF4B-00C04F79EFBC}") = "FormList", "FormList\FormList.csproj", "{E718D56F-169C-49EE-924C-4DBF692E68CA}"
EndProject
Global
	GlobalSection(SolutionConfigurationPlatforms) = preSolution
		Debug|Any CPU = Debug|Any CPU
		Release|Any CPU = Release|Any CPU
	EndGlobalSection
	GlobalSection(ProjectConfigurationPlatforms) = postSolution
		{EC4A8030-18D4-4DDA-8EFF-0E23E3FE0DE9}.Debug|Any CPU.ActiveCfg = Debug|Any CPU
		{EC4A8030-18D4-4DDA-8EFF-0E23E3FE0DE9}.Debug|Any CPU.Build.0 = Debug|Any CPU
		{EC4A8030-18D4-4DDA-8EFF-0E23E3FE0DE9}.Release|Any CPU.ActiveCfg = Release|Any CPU
		{EC4A8030-18D4-4DDA-8EFF-0E23E3FE0DE9}.Release|Any CPU.Build.0 = Release|Any CPU
		{E718D56F-169C-49EE-924C-4DBF692E68CA}.Debug|Any CPU.ActiveCfg = Debug|Any CPU
		{E718D56F-169C-49EE-924C-4DBF692E68CA}.Debug|Any CPU.Build.0 = Debug|Any CPU
		{E718D56F-169C-49EE-924C-4DBF692E68CA}.Release|Any CPU.ActiveCfg = Release|Any CPU
		{E718D56F-169C-49EE-924C-4DBF692E68CA}.Release|Any CPU.Build.0 = Release|Any CPU
	EndGlobalSection
	GlobalSection(SolutionProperties) = preSolution
		HideSolutionNode = FALSE
	EndGlobalSection
	GlobalSection(ExtensibilityGlobals) = postSolution
		SolutionGuid = {93B1EE8C-1309-45EE-BAFE-D1D89043537F}
	EndGlobalSection
EndGlobal
