
Microsoft Visual Studio Solution File, Format Version 12.00
# Visual Studio Version 16
VisualStudioVersion = 16.0.30406.217
MinimumVisualStudioVersion = 10.0.40219.1
Project("{FAE04EC0-301F-11D3-BF4B-00C04F79EFBC}") = "ChatClient", "ChatClient\ChatClient.csproj", "{14086614-4F6F-461F-ACA6-927A68851538}"
EndProject
Project("{FAE04EC0-301F-11D3-BF4B-00C04F79EFBC}") = "ChatServer", "ChatServer\ChatServer.csproj", "{8848EDFD-3CB7-4F65-A0AE-669031D06420}"
EndProject
Global
	GlobalSection(SolutionConfigurationPlatforms) = preSolution
		Debug|Any CPU = Debug|Any CPU
		Release|Any CPU = Release|Any CPU
	EndGlobalSection
	GlobalSection(ProjectConfigurationPlatforms) = postSolution
		{14086614-4F6F-461F-ACA6-927A68851538}.Debug|Any CPU.ActiveCfg = Debug|Any CPU
		{14086614-4F6F-461F-ACA6-927A68851538}.Debug|Any CPU.Build.0 = Debug|Any CPU
		{14086614-4F6F-461F-ACA6-927A68851538}.Release|Any CPU.ActiveCfg = Release|Any CPU
		{14086614-4F6F-461F-ACA6-927A68851538}.Release|Any CPU.Build.0 = Release|Any CPU
		{8848EDFD-3CB7-4F65-A0AE-669031D06420}.Debug|Any CPU.ActiveCfg = Debug|Any CPU
		{8848EDFD-3CB7-4F65-A0AE-669031D06420}.Debug|Any CPU.Build.0 = Debug|Any CPU
		{8848EDFD-3CB7-4F65-A0AE-669031D06420}.Release|Any CPU.ActiveCfg = Release|Any CPU
		{8848EDFD-3CB7-4F65-A0AE-669031D06420}.Release|Any CPU.Build.0 = Release|Any CPU
	EndGlobalSection
	GlobalSection(SolutionProperties) = preSolution
		HideSolutionNode = FALSE
	EndGlobalSection
	GlobalSection(ExtensibilityGlobals) = postSolution
		SolutionGuid = {B5EF9330-352C-4536-86F1-885ABD8C7ABC}
	EndGlobalSection
EndGlobal
